// !$*UTF8*$!
{
	archiveVersion = 1;
	classes = {
	};
	objectVersion = 56;
	objects = {

/* Begin PBXBuildFile section */
		5BB078F72B06287A00525FA4 /* IOSMOD2MVVMPokedexApp.swift in Sources */ = {isa = PBXBuildFile; fileRef = 5BB078F62B06287A00525FA4 /* IOSMOD2MVVMPokedexApp.swift */; };
		5BB078F92B06287A00525FA4 /* ContentView.swift in Sources */ = {isa = PBXBuildFile; fileRef = 5BB078F82B06287A00525FA4 /* ContentView.swift */; };
		5BB078FB2B06287C00525FA4 /* Assets.xcassets in Resources */ = {isa = PBXBuildFile; fileRef = 5BB078FA2B06287C00525FA4 /* Assets.xcassets */; };
		5BB078FE2B06287C00525FA4 /* Preview Assets.xcassets in Resources */ = {isa = PBXBuildFile; fileRef = 5BB078FD2B06287C00525FA4 /* Preview Assets.xcassets */; };
		5BB079002B06287C00525FA4 /* Persistence.swift in Sources */ = {isa = PBXBuildFile; fileRef = 5BB078FF2B06287C00525FA4 /* Persistence.swift */; };
		5BB079032B06287C00525FA4 /* IOSMOD2MVVMPokedex.xcdatamodeld in Sources */ = {isa = PBXBuildFile; fileRef = 5BB079012B06287C00525FA4 /* IOSMOD2MVVMPokedex.xcdatamodeld */; };
		5BB0790D2B06287C00525FA4 /* IOSMOD2MVVMPokedexTests.swift in Sources */ = {isa = PBXBuildFile; fileRef = 5BB0790C2B06287C00525FA4 /* IOSMOD2MVVMPokedexTests.swift */; };
		5BB079172B06287C00525FA4 /* IOSMOD2MVVMPokedexUITests.swift in Sources */ = {isa = PBXBuildFile; fileRef = 5BB079162B06287C00525FA4 /* IOSMOD2MVVMPokedexUITests.swift */; };
		5BB079192B06287C00525FA4 /* IOSMOD2MVVMPokedexUITestsLaunchTests.swift in Sources */ = {isa = PBXBuildFile; fileRef = 5BB079182B06287C00525FA4 /* IOSMOD2MVVMPokedexUITestsLaunchTests.swift */; };
		5BB079272B062C3A00525FA4 /* pokemon.json in Resources */ = {isa = PBXBuildFile; fileRef = 5BB079262B062C3900525FA4 /* pokemon.json */; };
		5BB0792A2B062E3D00525FA4 /* PokemonDetailView.swift in Sources */ = {isa = PBXBuildFile; fileRef = 5BB079292B062E3D00525FA4 /* PokemonDetailView.swift */; };
		5BB0792C2B062E7100525FA4 /* PokemonView.swift in Sources */ = {isa = PBXBuildFile; fileRef = 5BB0792B2B062E7100525FA4 /* PokemonView.swift */; };
		5BB0792F2B062ED200525FA4 /* ViewModel.swift in Sources */ = {isa = PBXBuildFile; fileRef = 5BB0792E2B062ED200525FA4 /* ViewModel.swift */; };
		5BB079342B062FB400525FA4 /* PokemonModel.swift in Sources */ = {isa = PBXBuildFile; fileRef = 5BB079332B062FB400525FA4 /* PokemonModel.swift */; };
		5BB079372B06300E00525FA4 /* PokemonManager.swift in Sources */ = {isa = PBXBuildFile; fileRef = 5BB079362B06300E00525FA4 /* PokemonManager.swift */; };
		5BB0793A2B06304B00525FA4 /* Helpers.swift in Sources */ = {isa = PBXBuildFile; fileRef = 5BB079392B06304B00525FA4 /* Helpers.swift */; };
		5BB0793C2B06418100525FA4 /* FavoritesListView.swift in Sources */ = {isa = PBXBuildFile; fileRef = 5BB0793B2B06418100525FA4 /* FavoritesListView.swift */; };
/* End PBXBuildFile section */

/* Begin PBXContainerItemProxy section */
		5BB079092B06287C00525FA4 /* PBXContainerItemProxy */ = {
			isa = PBXContainerItemProxy;
			containerPortal = 5BB078EB2B06287A00525FA4 /* Project object */;
			proxyType = 1;
			remoteGlobalIDString = 5BB078F22B06287A00525FA4;
			remoteInfo = IOSMOD2MVVMPokedex;
		};
		5BB079132B06287C00525FA4 /* PBXContainerItemProxy */ = {
			isa = PBXContainerItemProxy;
			containerPortal = 5BB078EB2B06287A00525FA4 /* Project object */;
			proxyType = 1;
			remoteGlobalIDString = 5BB078F22B06287A00525FA4;
			remoteInfo = IOSMOD2MVVMPokedex;
		};
/* End PBXContainerItemProxy section */

/* Begin PBXFileReference section */
		5BB078F32B06287A00525FA4 /* IOSMOD2MVVMPokedex.app */ = {isa = PBXFileReference; explicitFileType = wrapper.application; includeInIndex = 0; path = IOSMOD2MVVMPokedex.app; sourceTree = BUILT_PRODUCTS_DIR; };
		5BB078F62B06287A00525FA4 /* IOSMOD2MVVMPokedexApp.swift */ = {isa = PBXFileReference; lastKnownFileType = sourcecode.swift; path = IOSMOD2MVVMPokedexApp.swift; sourceTree = "<group>"; };
		5BB078F82B06287A00525FA4 /* ContentView.swift */ = {isa = PBXFileReference; lastKnownFileType = sourcecode.swift; path = ContentView.swift; sourceTree = "<group>"; };
		5BB078FA2B06287C00525FA4 /* Assets.xcassets */ = {isa = PBXFileReference; lastKnownFileType = folder.assetcatalog; path = Assets.xcassets; sourceTree = "<group>"; };
		5BB078FD2B06287C00525FA4 /* Preview Assets.xcassets */ = {isa = PBXFileReference; lastKnownFileType = folder.assetcatalog; path = "Preview Assets.xcassets"; sourceTree = "<group>"; };
		5BB078FF2B06287C00525FA4 /* Persistence.swift */ = {isa = PBXFileReference; lastKnownFileType = sourcecode.swift; path = Persistence.swift; sourceTree = "<group>"; };
		5BB079022B06287C00525FA4 /* IOSMOD2MVVMPokedex.xcdatamodel */ = {isa = PBXFileReference; lastKnownFileType = wrapper.xcdatamodel; path = IOSMOD2MVVMPokedex.xcdatamodel; sourceTree = "<group>"; };
		5BB079082B06287C00525FA4 /* IOSMOD2MVVMPokedexTests.xctest */ = {isa = PBXFileReference; explicitFileType = wrapper.cfbundle; includeInIndex = 0; path = IOSMOD2MVVMPokedexTests.xctest; sourceTree = BUILT_PRODUCTS_DIR; };
		5BB0790C2B06287C00525FA4 /* IOSMOD2MVVMPokedexTests.swift */ = {isa = PBXFileReference; lastKnownFileType = sourcecode.swift; path = IOSMOD2MVVMPokedexTests.swift; sourceTree = "<group>"; };
		5BB079122B06287C00525FA4 /* IOSMOD2MVVMPokedexUITests.xctest */ = {isa = PBXFileReference; explicitFileType = wrapper.cfbundle; includeInIndex = 0; path = IOSMOD2MVVMPokedexUITests.xctest; sourceTree = BUILT_PRODUCTS_DIR; };
		5BB079162B06287C00525FA4 /* IOSMOD2MVVMPokedexUITests.swift */ = {isa = PBXFileReference; lastKnownFileType = sourcecode.swift; path = IOSMOD2MVVMPokedexUITests.swift; sourceTree = "<group>"; };
		5BB079182B06287C00525FA4 /* IOSMOD2MVVMPokedexUITestsLaunchTests.swift */ = {isa = PBXFileReference; lastKnownFileType = sourcecode.swift; path = IOSMOD2MVVMPokedexUITestsLaunchTests.swift; sourceTree = "<group>"; };
		5BB079262B062C3900525FA4 /* pokemon.json */ = {isa = PBXFileReference; lastKnownFileType = text.json; path = pokemon.json; sourceTree = "<group>"; };
		5BB079292B062E3D00525FA4 /* PokemonDetailView.swift */ = {isa = PBXFileReference; lastKnownFileType = sourcecode.swift; path = PokemonDetailView.swift; sourceTree = "<group>"; };
		5BB0792B2B062E7100525FA4 /* PokemonView.swift */ = {isa = PBXFileReference; lastKnownFileType = sourcecode.swift; path = PokemonView.swift; sourceTree = "<group>"; };
		5BB0792E2B062ED200525FA4 /* ViewModel.swift */ = {isa = PBXFileReference; lastKnownFileType = sourcecode.swift; path = ViewModel.swift; sourceTree = "<group>"; };
		5BB079332B062FB400525FA4 /* PokemonModel.swift */ = {isa = PBXFileReference; lastKnownFileType = sourcecode.swift; path = PokemonModel.swift; sourceTree = "<group>"; };
		5BB079362B06300E00525FA4 /* PokemonManager.swift */ = {isa = PBXFileReference; lastKnownFileType = sourcecode.swift; path = PokemonManager.swift; sourceTree = "<group>"; };
		5BB079392B06304B00525FA4 /* Helpers.swift */ = {isa = PBXFileReference; lastKnownFileType = sourcecode.swift; path = Helpers.swift; sourceTree = "<group>"; };
		5BB0793B2B06418100525FA4 /* FavoritesListView.swift */ = {isa = PBXFileReference; lastKnownFileType = sourcecode.swift; path = FavoritesListView.swift; sourceTree = "<group>"; };
/* End PBXFileReference section */

/* Begin PBXFrameworksBuildPhase section */
		5BB078F02B06287A00525FA4 /* Frameworks */ = {
			isa = PBXFrameworksBuildPhase;
			buildActionMask = 2147483647;
			files = (
			);
			runOnlyForDeploymentPostprocessing = 0;
		};
		5BB079052B06287C00525FA4 /* Frameworks */ = {
			isa = PBXFrameworksBuildPhase;
			buildActionMask = 2147483647;
			files = (
			);
			runOnlyForDeploymentPostprocessing = 0;
		};
		5BB0790F2B06287C00525FA4 /* Frameworks */ = {
			isa = PBXFrameworksBuildPhase;
			buildActionMask = 2147483647;
			files = (
			);
			runOnlyForDeploymentPostprocessing = 0;
		};
/* End PBXFrameworksBuildPhase section */

/* Begin PBXGroup section */
		5BB078EA2B06287A00525FA4 = {
			isa = PBXGroup;
			children = (
				5BB078F52B06287A00525FA4 /* IOSMOD2MVVMPokedex */,
				5BB0790B2B06287C00525FA4 /* IOSMOD2MVVMPokedexTests */,
				5BB079152B06287C00525FA4 /* IOSMOD2MVVMPokedexUITests */,
				5BB078F42B06287A00525FA4 /* Products */,
			);
			sourceTree = "<group>";
		};
		5BB078F42B06287A00525FA4 /* Products */ = {
			isa = PBXGroup;
			children = (
				5BB078F32B06287A00525FA4 /* IOSMOD2MVVMPokedex.app */,
				5BB079082B06287C00525FA4 /* IOSMOD2MVVMPokedexTests.xctest */,
				5BB079122B06287C00525FA4 /* IOSMOD2MVVMPokedexUITests.xctest */,
			);
			name = Products;
			sourceTree = "<group>";
		};
		5BB078F52B06287A00525FA4 /* IOSMOD2MVVMPokedex */ = {
			isa = PBXGroup;
			children = (
				5BB079252B062BF000525FA4 /* Data */,
				5BB079382B06302000525FA4 /* Helpers */,
				5BB079352B062FE400525FA4 /* Managers */,
				5BB079322B062F9900525FA4 /* Models */,
				5BB078FC2B06287C00525FA4 /* Preview Content */,
				5BB0792D2B062EA700525FA4 /* ViewModels */,
				5BB079282B062E0B00525FA4 /* Views */,
				5BB078F62B06287A00525FA4 /* IOSMOD2MVVMPokedexApp.swift */,
				5BB078FA2B06287C00525FA4 /* Assets.xcassets */,
				5BB078FF2B06287C00525FA4 /* Persistence.swift */,
				5BB079012B06287C00525FA4 /* IOSMOD2MVVMPokedex.xcdatamodeld */,
			);
			path = IOSMOD2MVVMPokedex;
			sourceTree = "<group>";
		};
		5BB078FC2B06287C00525FA4 /* Preview Content */ = {
			isa = PBXGroup;
			children = (
				5BB078FD2B06287C00525FA4 /* Preview Assets.xcassets */,
			);
			path = "Preview Content";
			sourceTree = "<group>";
		};
		5BB0790B2B06287C00525FA4 /* IOSMOD2MVVMPokedexTests */ = {
			isa = PBXGroup;
			children = (
				5BB0790C2B06287C00525FA4 /* IOSMOD2MVVMPokedexTests.swift */,
			);
			path = IOSMOD2MVVMPokedexTests;
			sourceTree = "<group>";
		};
		5BB079152B06287C00525FA4 /* IOSMOD2MVVMPokedexUITests */ = {
			isa = PBXGroup;
			children = (
				5BB079162B06287C00525FA4 /* IOSMOD2MVVMPokedexUITests.swift */,
				5BB079182B06287C00525FA4 /* IOSMOD2MVVMPokedexUITestsLaunchTests.swift */,
			);
			path = IOSMOD2MVVMPokedexUITests;
			sourceTree = "<group>";
		};
		5BB079252B062BF000525FA4 /* Data */ = {
			isa = PBXGroup;
			children = (
				5BB079262B062C3900525FA4 /* pokemon.json */,
			);
			path = Data;
			sourceTree = "<group>";
		};
		5BB079282B062E0B00525FA4 /* Views */ = {
			isa = PBXGroup;
			children = (
				5BB078F82B06287A00525FA4 /* ContentView.swift */,
				5BB079292B062E3D00525FA4 /* PokemonDetailView.swift */,
				5BB0792B2B062E7100525FA4 /* PokemonView.swift */,
				5BB0793B2B06418100525FA4 /* FavoritesListView.swift */,
			);
			path = Views;
			sourceTree = "<group>";
		};
		5BB0792D2B062EA700525FA4 /* ViewModels */ = {
			isa = PBXGroup;
			children = (
				5BB0792E2B062ED200525FA4 /* ViewModel.swift */,
			);
			path = ViewModels;
			sourceTree = "<group>";
		};
		5BB079322B062F9900525FA4 /* Models */ = {
			isa = PBXGroup;
			children = (
				5BB079332B062FB400525FA4 /* PokemonModel.swift */,
			);
			path = Models;
			sourceTree = "<group>";
		};
		5BB079352B062FE400525FA4 /* Managers */ = {
			isa = PBXGroup;
			children = (
				5BB079362B06300E00525FA4 /* PokemonManager.swift */,
			);
			path = Managers;
			sourceTree = "<group>";
		};
		5BB079382B06302000525FA4 /* Helpers */ = {
			isa = PBXGroup;
			children = (
				5BB079392B06304B00525FA4 /* Helpers.swift */,
			);
			path = Helpers;
			sourceTree = "<group>";
		};
/* End PBXGroup section */

/* Begin PBXNativeTarget section */
		5BB078F22B06287A00525FA4 /* IOSMOD2MVVMPokedex */ = {
			isa = PBXNativeTarget;
			buildConfigurationList = 5BB0791C2B06287C00525FA4 /* Build configuration list for PBXNativeTarget "IOSMOD2MVVMPokedex" */;
			buildPhases = (
				5BB078EF2B06287A00525FA4 /* Sources */,
				5BB078F02B06287A00525FA4 /* Frameworks */,
				5BB078F12B06287A00525FA4 /* Resources */,
			);
			buildRules = (
			);
			dependencies = (
			);
			name = IOSMOD2MVVMPokedex;
			productName = IOSMOD2MVVMPokedex;
			productReference = 5BB078F32B06287A00525FA4 /* IOSMOD2MVVMPokedex.app */;
			productType = "com.apple.product-type.application";
		};
		5BB079072B06287C00525FA4 /* IOSMOD2MVVMPokedexTests */ = {
			isa = PBXNativeTarget;
			buildConfigurationList = 5BB0791F2B06287C00525FA4 /* Build configuration list for PBXNativeTarget "IOSMOD2MVVMPokedexTests" */;
			buildPhases = (
				5BB079042B06287C00525FA4 /* Sources */,
				5BB079052B06287C00525FA4 /* Frameworks */,
				5BB079062B06287C00525FA4 /* Resources */,
			);
			buildRules = (
			);
			dependencies = (
				5BB0790A2B06287C00525FA4 /* PBXTargetDependency */,
			);
			name = IOSMOD2MVVMPokedexTests;
			productName = IOSMOD2MVVMPokedexTests;
			productReference = 5BB079082B06287C00525FA4 /* IOSMOD2MVVMPokedexTests.xctest */;
			productType = "com.apple.product-type.bundle.unit-test";
		};
		5BB079112B06287C00525FA4 /* IOSMOD2MVVMPokedexUITests */ = {
			isa = PBXNativeTarget;
			buildConfigurationList = 5BB079222B06287C00525FA4 /* Build configuration list for PBXNativeTarget "IOSMOD2MVVMPokedexUITests" */;
			buildPhases = (
				5BB0790E2B06287C00525FA4 /* Sources */,
				5BB0790F2B06287C00525FA4 /* Frameworks */,
				5BB079102B06287C00525FA4 /* Resources */,
			);
			buildRules = (
			);
			dependencies = (
				5BB079142B06287C00525FA4 /* PBXTargetDependency */,
			);
			name = IOSMOD2MVVMPokedexUITests;
			productName = IOSMOD2MVVMPokedexUITests;
			productReference = 5BB079122B06287C00525FA4 /* IOSMOD2MVVMPokedexUITests.xctest */;
			productType = "com.apple.product-type.bundle.ui-testing";
		};
/* End PBXNativeTarget section */

/* Begin PBXProject section */
		5BB078EB2B06287A00525FA4 /* Project object */ = {
			isa = PBXProject;
			attributes = {
				BuildIndependentTargetsInParallel = 1;
				LastSwiftUpdateCheck = 1500;
				LastUpgradeCheck = 1500;
				TargetAttributes = {
					5BB078F22B06287A00525FA4 = {
						CreatedOnToolsVersion = 15.0.1;
					};
					5BB079072B06287C00525FA4 = {
						CreatedOnToolsVersion = 15.0.1;
						TestTargetID = 5BB078F22B06287A00525FA4;
					};
					5BB079112B06287C00525FA4 = {
						CreatedOnToolsVersion = 15.0.1;
						TestTargetID = 5BB078F22B06287A00525FA4;
					};
				};
			};
			buildConfigurationList = 5BB078EE2B06287A00525FA4 /* Build configuration list for PBXProject "IOSMOD2MVVMPokedex" */;
			compatibilityVersion = "Xcode 14.0";
			developmentRegion = en;
			hasScannedForEncodings = 0;
			knownRegions = (
				en,
				Base,
			);
			mainGroup = 5BB078EA2B06287A00525FA4;
			productRefGroup = 5BB078F42B06287A00525FA4 /* Products */;
			projectDirPath = "";
			projectRoot = "";
			targets = (
				5BB078F22B06287A00525FA4 /* IOSMOD2MVVMPokedex */,
				5BB079072B06287C00525FA4 /* IOSMOD2MVVMPokedexTests */,
				5BB079112B06287C00525FA4 /* IOSMOD2MVVMPokedexUITests */,
			);
		};
/* End PBXProject section */

/* Begin PBXResourcesBuildPhase section */
		5BB078F12B06287A00525FA4 /* Resources */ = {
			isa = PBXResourcesBuildPhase;
			buildActionMask = 2147483647;
			files = (
				5BB078FE2B06287C00525FA4 /* Preview Assets.xcassets in Resources */,
				5BB079272B062C3A00525FA4 /* pokemon.json in Resources */,
				5BB078FB2B06287C00525FA4 /* Assets.xcassets in Resources */,
			);
			runOnlyForDeploymentPostprocessing = 0;
		};
		5BB079062B06287C00525FA4 /* Resources */ = {
			isa = PBXResourcesBuildPhase;
			buildActionMask = 2147483647;
			files = (
			);
			runOnlyForDeploymentPostprocessing = 0;
		};
		5BB079102B06287C00525FA4 /* Resources */ = {
			isa = PBXResourcesBuildPhase;
			buildActionMask = 2147483647;
			files = (
			);
			runOnlyForDeploymentPostprocessing = 0;
		};
/* End PBXResourcesBuildPhase section */

/* Begin PBXSourcesBuildPhase section */
		5BB078EF2B06287A00525FA4 /* Sources */ = {
			isa = PBXSourcesBuildPhase;
			buildActionMask = 2147483647;
			files = (
				5BB0792C2B062E7100525FA4 /* PokemonView.swift in Sources */,
				5BB079002B06287C00525FA4 /* Persistence.swift in Sources */,
				5BB0792A2B062E3D00525FA4 /* PokemonDetailView.swift in Sources */,
				5BB0793A2B06304B00525FA4 /* Helpers.swift in Sources */,
				5BB078F92B06287A00525FA4 /* ContentView.swift in Sources */,
				5BB079372B06300E00525FA4 /* PokemonManager.swift in Sources */,
				5BB0793C2B06418100525FA4 /* FavoritesListView.swift in Sources */,
				5BB079032B06287C00525FA4 /* IOSMOD2MVVMPokedex.xcdatamodeld in Sources */,
				5BB078F72B06287A00525FA4 /* IOSMOD2MVVMPokedexApp.swift in Sources */,
				5BB0792F2B062ED200525FA4 /* ViewModel.swift in Sources */,
				5BB079342B062FB400525FA4 /* PokemonModel.swift in Sources */,
			);
			runOnlyForDeploymentPostprocessing = 0;
		};
		5BB079042B06287C00525FA4 /* Sources */ = {
			isa = PBXSourcesBuildPhase;
			buildActionMask = 2147483647;
			files = (
				5BB0790D2B06287C00525FA4 /* IOSMOD2MVVMPokedexTests.swift in Sources */,
			);
			runOnlyForDeploymentPostprocessing = 0;
		};
		5BB0790E2B06287C00525FA4 /* Sources */ = {
			isa = PBXSourcesBuildPhase;
			buildActionMask = 2147483647;
			files = (
				5BB079172B06287C00525FA4 /* IOSMOD2MVVMPokedexUITests.swift in Sources */,
				5BB079192B06287C00525FA4 /* IOSMOD2MVVMPokedexUITestsLaunchTests.swift in Sources */,
			);
			runOnlyForDeploymentPostprocessing = 0;
		};
/* End PBXSourcesBuildPhase section */

/* Begin PBXTargetDependency section */
		5BB0790A2B06287C00525FA4 /* PBXTargetDependency */ = {
			isa = PBXTargetDependency;
			target = 5BB078F22B06287A00525FA4 /* IOSMOD2MVVMPokedex */;
			targetProxy = 5BB079092B06287C00525FA4 /* PBXContainerItemProxy */;
		};
		5BB079142B06287C00525FA4 /* PBXTargetDependency */ = {
			isa = PBXTargetDependency;
			target = 5BB078F22B06287A00525FA4 /* IOSMOD2MVVMPokedex */;
			targetProxy = 5BB079132B06287C00525FA4 /* PBXContainerItemProxy */;
		};
/* End PBXTargetDependency section */

/* Begin XCBuildConfiguration section */
		5BB0791A2B06287C00525FA4 /* Debug */ = {
			isa = XCBuildConfiguration;
			buildSettings = {
				ALWAYS_SEARCH_USER_PATHS = NO;
				ASSETCATALOG_COMPILER_GENERATE_SWIFT_ASSET_SYMBOL_EXTENSIONS = YES;
				CLANG_ANALYZER_NONNULL = YES;
				CLANG_ANALYZER_NUMBER_OBJECT_CONVERSION = YES_AGGRESSIVE;
				CLANG_CXX_LANGUAGE_STANDARD = "gnu++20";
				CLANG_ENABLE_MODULES = YES;
				CLANG_ENABLE_OBJC_ARC = YES;
				CLANG_ENABLE_OBJC_WEAK = YES;
				CLANG_WARN_BLOCK_CAPTURE_AUTORELEASING = YES;
				CLANG_WARN_BOOL_CONVERSION = YES;
				CLANG_WARN_COMMA = YES;
				CLANG_WARN_CONSTANT_CONVERSION = YES;
				CLANG_WARN_DEPRECATED_OBJC_IMPLEMENTATIONS = YES;
				CLANG_WARN_DIRECT_OBJC_ISA_USAGE = YES_ERROR;
				CLANG_WARN_DOCUMENTATION_COMMENTS = YES;
				CLANG_WARN_EMPTY_BODY = YES;
				CLANG_WARN_ENUM_CONVERSION = YES;
				CLANG_WARN_INFINITE_RECURSION = YES;
				CLANG_WARN_INT_CONVERSION = YES;
				CLANG_WARN_NON_LITERAL_NULL_CONVERSION = YES;
				CLANG_WARN_OBJC_IMPLICIT_RETAIN_SELF = YES;
				CLANG_WARN_OBJC_LITERAL_CONVERSION = YES;
				CLANG_WARN_OBJC_ROOT_CLASS = YES_ERROR;
				CLANG_WARN_QUOTED_INCLUDE_IN_FRAMEWORK_HEADER = YES;
				CLANG_WARN_RANGE_LOOP_ANALYSIS = YES;
				CLANG_WARN_STRICT_PROTOTYPES = YES;
				CLANG_WARN_SUSPICIOUS_MOVE = YES;
				CLANG_WARN_UNGUARDED_AVAILABILITY = YES_AGGRESSIVE;
				CLANG_WARN_UNREACHABLE_CODE = YES;
				CLANG_WARN__DUPLICATE_METHOD_MATCH = YES;
				COPY_PHASE_STRIP = NO;
				DEBUG_INFORMATION_FORMAT = dwarf;
				ENABLE_STRICT_OBJC_MSGSEND = YES;
				ENABLE_TESTABILITY = YES;
				ENABLE_USER_SCRIPT_SANDBOXING = YES;
				GCC_C_LANGUAGE_STANDARD = gnu17;
				GCC_DYNAMIC_NO_PIC = NO;
				GCC_NO_COMMON_BLOCKS = YES;
				GCC_OPTIMIZATION_LEVEL = 0;
				GCC_PREPROCESSOR_DEFINITIONS = (
					"DEBUG=1",
					"$(inherited)",
				);
				GCC_WARN_64_TO_32_BIT_CONVERSION = YES;
				GCC_WARN_ABOUT_RETURN_TYPE = YES_ERROR;
				GCC_WARN_UNDECLARED_SELECTOR = YES;
				GCC_WARN_UNINITIALIZED_AUTOS = YES_AGGRESSIVE;
				GCC_WARN_UNUSED_FUNCTION = YES;
				GCC_WARN_UNUSED_VARIABLE = YES;
				IPHONEOS_DEPLOYMENT_TARGET = 17.0;
				LOCALIZATION_PREFERS_STRING_CATALOGS = YES;
				MTL_ENABLE_DEBUG_INFO = INCLUDE_SOURCE;
				MTL_FAST_MATH = YES;
				ONLY_ACTIVE_ARCH = YES;
				SDKROOT = iphoneos;
				SWIFT_ACTIVE_COMPILATION_CONDITIONS = "DEBUG $(inherited)";
				SWIFT_OPTIMIZATION_LEVEL = "-Onone";
			};
			name = Debug;
		};
		5BB0791B2B06287C00525FA4 /* Release */ = {
			isa = XCBuildConfiguration;
			buildSettings = {
				ALWAYS_SEARCH_USER_PATHS = NO;
				ASSETCATALOG_COMPILER_GENERATE_SWIFT_ASSET_SYMBOL_EXTENSIONS = YES;
				CLANG_ANALYZER_NONNULL = YES;
				CLANG_ANALYZER_NUMBER_OBJECT_CONVERSION = YES_AGGRESSIVE;
				CLANG_CXX_LANGUAGE_STANDARD = "gnu++20";
				CLANG_ENABLE_MODULES = YES;
				CLANG_ENABLE_OBJC_ARC = YES;
				CLANG_ENABLE_OBJC_WEAK = YES;
				CLANG_WARN_BLOCK_CAPTURE_AUTORELEASING = YES;
				CLANG_WARN_BOOL_CONVERSION = YES;
				CLANG_WARN_COMMA = YES;
				CLANG_WARN_CONSTANT_CONVERSION = YES;
				CLANG_WARN_DEPRECATED_OBJC_IMPLEMENTATIONS = YES;
				CLANG_WARN_DIRECT_OBJC_ISA_USAGE = YES_ERROR;
				CLANG_WARN_DOCUMENTATION_COMMENTS = YES;
				CLANG_WARN_EMPTY_BODY = YES;
				CLANG_WARN_ENUM_CONVERSION = YES;
				CLANG_WARN_INFINITE_RECURSION = YES;
				CLANG_WARN_INT_CONVERSION = YES;
				CLANG_WARN_NON_LITERAL_NULL_CONVERSION = YES;
				CLANG_WARN_OBJC_IMPLICIT_RETAIN_SELF = YES;
				CLANG_WARN_OBJC_LITERAL_CONVERSION = YES;
				CLANG_WARN_OBJC_ROOT_CLASS = YES_ERROR;
				CLANG_WARN_QUOTED_INCLUDE_IN_FRAMEWORK_HEADER = YES;
				CLANG_WARN_RANGE_LOOP_ANALYSIS = YES;
				CLANG_WARN_STRICT_PROTOTYPES = YES;
				CLANG_WARN_SUSPICIOUS_MOVE = YES;
				CLANG_WARN_UNGUARDED_AVAILABILITY = YES_AGGRESSIVE;
				CLANG_WARN_UNREACHABLE_CODE = YES;
				CLANG_WARN__DUPLICATE_METHOD_MATCH = YES;
				COPY_PHASE_STRIP = NO;
				DEBUG_INFORMATION_FORMAT = "dwarf-with-dsym";
				ENABLE_NS_ASSERTIONS = NO;
				ENABLE_STRICT_OBJC_MSGSEND = YES;
				ENABLE_USER_SCRIPT_SANDBOXING = YES;
				GCC_C_LANGUAGE_STANDARD = gnu17;
				GCC_NO_COMMON_BLOCKS = YES;
				GCC_WARN_64_TO_32_BIT_CONVERSION = YES;
				GCC_WARN_ABOUT_RETURN_TYPE = YES_ERROR;
				GCC_WARN_UNDECLARED_SELECTOR = YES;
				GCC_WARN_UNINITIALIZED_AUTOS = YES_AGGRESSIVE;
				GCC_WARN_UNUSED_FUNCTION = YES;
				GCC_WARN_UNUSED_VARIABLE = YES;
				IPHONEOS_DEPLOYMENT_TARGET = 17.0;
				LOCALIZATION_PREFERS_STRING_CATALOGS = YES;
				MTL_ENABLE_DEBUG_INFO = NO;
				MTL_FAST_MATH = YES;
				SDKROOT = iphoneos;
				SWIFT_COMPILATION_MODE = wholemodule;
				VALIDATE_PRODUCT = YES;
			};
			name = Release;
		};
		5BB0791D2B06287C00525FA4 /* Debug */ = {
			isa = XCBuildConfiguration;
			buildSettings = {
				ASSETCATALOG_COMPILER_APPICON_NAME = AppIcon;
				ASSETCATALOG_COMPILER_GLOBAL_ACCENT_COLOR_NAME = AccentColor;
				CODE_SIGN_STYLE = Automatic;
				CURRENT_PROJECT_VERSION = 1;
				DEVELOPMENT_ASSET_PATHS = "\"IOSMOD2MVVMPokedex/Preview Content\"";
				DEVELOPMENT_TEAM = PW4397U349;
				ENABLE_PREVIEWS = YES;
				GENERATE_INFOPLIST_FILE = YES;
				INFOPLIST_KEY_UIApplicationSceneManifest_Generation = YES;
				INFOPLIST_KEY_UIApplicationSupportsIndirectInputEvents = YES;
				INFOPLIST_KEY_UILaunchScreen_Generation = YES;
				INFOPLIST_KEY_UISupportedInterfaceOrientations_iPad = "UIInterfaceOrientationPortrait UIInterfaceOrientationPortraitUpsideDown UIInterfaceOrientationLandscapeLeft UIInterfaceOrientationLandscapeRight";
				INFOPLIST_KEY_UISupportedInterfaceOrientations_iPhone = "UIInterfaceOrientationPortrait UIInterfaceOrientationLandscapeLeft UIInterfaceOrientationLandscapeRight";
				LD_RUNPATH_SEARCH_PATHS = (
					"$(inherited)",
					"@executable_path/Frameworks",
				);
				MARKETING_VERSION = 1.0;
				PRODUCT_BUNDLE_IDENTIFIER = "curso-ios.IOSMOD2MVVMPokedex";
				PRODUCT_NAME = "$(TARGET_NAME)";
				SWIFT_EMIT_LOC_STRINGS = YES;
				SWIFT_VERSION = 5.0;
				TARGETED_DEVICE_FAMILY = "1,2";
			};
			name = Debug;
		};
		5BB0791E2B06287C00525FA4 /* Release */ = {
			isa = XCBuildConfiguration;
			buildSettings = {
				ASSETCATALOG_COMPILER_APPICON_NAME = AppIcon;
				ASSETCATALOG_COMPILER_GLOBAL_ACCENT_COLOR_NAME = AccentColor;
				CODE_SIGN_STYLE = Automatic;
				CURRENT_PROJECT_VERSION = 1;
				DEVELOPMENT_ASSET_PATHS = "\"IOSMOD2MVVMPokedex/Preview Content\"";
				DEVELOPMENT_TEAM = PW4397U349;
				ENABLE_PREVIEWS = YES;
				GENERATE_INFOPLIST_FILE = YES;
				INFOPLIST_KEY_UIApplicationSceneManifest_Generation = YES;
				INFOPLIST_KEY_UIApplicationSupportsIndirectInputEvents = YES;
				INFOPLIST_KEY_UILaunchScreen_Generation = YES;
				INFOPLIST_KEY_UISupportedInterfaceOrientations_iPad = "UIInterfaceOrientationPortrait UIInterfaceOrientationPortraitUpsideDown UIInterfaceOrientationLandscapeLeft UIInterfaceOrientationLandscapeRight";
				INFOPLIST_KEY_UISupportedInterfaceOrientations_iPhone = "UIInterfaceOrientationPortrait UIInterfaceOrientationLandscapeLeft UIInterfaceOrientationLandscapeRight";
				LD_RUNPATH_SEARCH_PATHS = (
					"$(inherited)",
					"@executable_path/Frameworks",
				);
				MARKETING_VERSION = 1.0;
				PRODUCT_BUNDLE_IDENTIFIER = "curso-ios.IOSMOD2MVVMPokedex";
				PRODUCT_NAME = "$(TARGET_NAME)";
				SWIFT_EMIT_LOC_STRINGS = YES;
				SWIFT_VERSION = 5.0;
				TARGETED_DEVICE_FAMILY = "1,2";
			};
			name = Release;
		};
		5BB079202B06287C00525FA4 /* Debug */ = {
			isa = XCBuildConfiguration;
			buildSettings = {
				ALWAYS_EMBED_SWIFT_STANDARD_LIBRARIES = YES;
				BUNDLE_LOADER = "$(TEST_HOST)";
				CODE_SIGN_STYLE = Automatic;
				CURRENT_PROJECT_VERSION = 1;
				DEVELOPMENT_TEAM = PW4397U349;
				GENERATE_INFOPLIST_FILE = YES;
				IPHONEOS_DEPLOYMENT_TARGET = 17.0;
				MARKETING_VERSION = 1.0;
				PRODUCT_BUNDLE_IDENTIFIER = "curso-ios.IOSMOD2MVVMPokedexTests";
				PRODUCT_NAME = "$(TARGET_NAME)";
				SWIFT_EMIT_LOC_STRINGS = NO;
				SWIFT_VERSION = 5.0;
				TARGETED_DEVICE_FAMILY = "1,2";
				TEST_HOST = "$(BUILT_PRODUCTS_DIR)/IOSMOD2MVVMPokedex.app/$(BUNDLE_EXECUTABLE_FOLDER_PATH)/IOSMOD2MVVMPokedex";
			};
			name = Debug;
		};
		5BB079212B06287C00525FA4 /* Release */ = {
			isa = XCBuildConfiguration;
			buildSettings = {
				ALWAYS_EMBED_SWIFT_STANDARD_LIBRARIES = YES;
				BUNDLE_LOADER = "$(TEST_HOST)";
				CODE_SIGN_STYLE = Automatic;
				CURRENT_PROJECT_VERSION = 1;
				DEVELOPMENT_TEAM = PW4397U349;
				GENERATE_INFOPLIST_FILE = YES;
				IPHONEOS_DEPLOYMENT_TARGET = 17.0;
				MARKETING_VERSION = 1.0;
				PRODUCT_BUNDLE_IDENTIFIER = "curso-ios.IOSMOD2MVVMPokedexTests";
				PRODUCT_NAME = "$(TARGET_NAME)";
				SWIFT_EMIT_LOC_STRINGS = NO;
				SWIFT_VERSION = 5.0;
				TARGETED_DEVICE_FAMILY = "1,2";
				TEST_HOST = "$(BUILT_PRODUCTS_DIR)/IOSMOD2MVVMPokedex.app/$(BUNDLE_EXECUTABLE_FOLDER_PATH)/IOSMOD2MVVMPokedex";
			};
			name = Release;
		};
		5BB079232B06287C00525FA4 /* Debug */ = {
			isa = XCBuildConfiguration;
			buildSettings = {
				ALWAYS_EMBED_SWIFT_STANDARD_LIBRARIES = YES;
				CODE_SIGN_STYLE = Automatic;
				CURRENT_PROJECT_VERSION = 1;
				DEVELOPMENT_TEAM = PW4397U349;
				GENERATE_INFOPLIST_FILE = YES;
				MARKETING_VERSION = 1.0;
				PRODUCT_BUNDLE_IDENTIFIER = "curso-ios.IOSMOD2MVVMPokedexUITests";
				PRODUCT_NAME = "$(TARGET_NAME)";
				SWIFT_EMIT_LOC_STRINGS = NO;
				SWIFT_VERSION = 5.0;
				TARGETED_DEVICE_FAMILY = "1,2";
				TEST_TARGET_NAME = IOSMOD2MVVMPokedex;
			};
			name = Debug;
		};
		5BB079242B06287C00525FA4 /* Release */ = {
			isa = XCBuildConfiguration;
			buildSettings = {
				ALWAYS_EMBED_SWIFT_STANDARD_LIBRARIES = YES;
				CODE_SIGN_STYLE = Automatic;
				CURRENT_PROJECT_VERSION = 1;
				DEVELOPMENT_TEAM = PW4397U349;
				GENERATE_INFOPLIST_FILE = YES;
				MARKETING_VERSION = 1.0;
				PRODUCT_BUNDLE_IDENTIFIER = "curso-ios.IOSMOD2MVVMPokedexUITests";
				PRODUCT_NAME = "$(TARGET_NAME)";
				SWIFT_EMIT_LOC_STRINGS = NO;
				SWIFT_VERSION = 5.0;
				TARGETED_DEVICE_FAMILY = "1,2";
				TEST_TARGET_NAME = IOSMOD2MVVMPokedex;
			};
			name = Release;
		};
/* End XCBuildConfiguration section */

/* Begin XCConfigurationList section */
		5BB078EE2B06287A00525FA4 /* Build configuration list for PBXProject "IOSMOD2MVVMPokedex" */ = {
			isa = XCConfigurationList;
			buildConfigurations = (
				5BB0791A2B06287C00525FA4 /* Debug */,
				5BB0791B2B06287C00525FA4 /* Release */,
			);
			defaultConfigurationIsVisible = 0;
			defaultConfigurationName = Release;
		};
		5BB0791C2B06287C00525FA4 /* Build configuration list for PBXNativeTarget "IOSMOD2MVVMPokedex" */ = {
			isa = XCConfigurationList;
			buildConfigurations = (
				5BB0791D2B06287C00525FA4 /* Debug */,
				5BB0791E2B06287C00525FA4 /* Release */,
			);
			defaultConfigurationIsVisible = 0;
			defaultConfigurationName = Release;
		};
		5BB0791F2B06287C00525FA4 /* Build configuration list for PBXNativeTarget "IOSMOD2MVVMPokedexTests" */ = {
			isa = XCConfigurationList;
			buildConfigurations = (
				5BB079202B06287C00525FA4 /* Debug */,
				5BB079212B06287C00525FA4 /* Release */,
			);
			defaultConfigurationIsVisible = 0;
			defaultConfigurationName = Release;
		};
		5BB079222B06287C00525FA4 /* Build configuration list for PBXNativeTarget "IOSMOD2MVVMPokedexUITests" */ = {
			isa = XCConfigurationList;
			buildConfigurations = (
				5BB079232B06287C00525FA4 /* Debug */,
				5BB079242B06287C00525FA4 /* Release */,
			);
			defaultConfigurationIsVisible = 0;
			defaultConfigurationName = Release;
		};
/* End XCConfigurationList section */

/* Begin XCVersionGroup section */
		5BB079012B06287C00525FA4 /* IOSMOD2MVVMPokedex.xcdatamodeld */ = {
			isa = XCVersionGroup;
			children = (
				5BB079022B06287C00525FA4 /* IOSMOD2MVVMPokedex.xcdatamodel */,
			);
			currentVersion = 5BB079022B06287C00525FA4 /* IOSMOD2MVVMPokedex.xcdatamodel */;
			path = IOSMOD2MVVMPokedex.xcdatamodeld;
			sourceTree = "<group>";
			versionGroupType = wrapper.xcdatamodel;
		};
/* End XCVersionGroup section */
	};
	rootObject = 5BB078EB2B06287A00525FA4 /* Project object */;
}
